// !$*UTF8*$!
{
	archiveVersion = 1;
	classes = {
	};
	objectVersion = 46;
	objects = {

/* Begin PBXBuildFile section */
		302366A21A9B9E3F00520510 /* AppDelegate.swift in Sources */ = {isa = PBXBuildFile; fileRef = 302366A11A9B9E3F00520510 /* AppDelegate.swift */; };
		302366A41A9B9E3F00520510 /* ChannelsViewController.swift in Sources */ = {isa = PBXBuildFile; fileRef = 302366A31A9B9E3F00520510 /* ChannelsViewController.swift */; };
		302366A71A9B9E3F00520510 /* Main.storyboard in Resources */ = {isa = PBXBuildFile; fileRef = 302366A51A9B9E3F00520510 /* Main.storyboard */; };
		302366A91A9B9E3F00520510 /* Images.xcassets in Resources */ = {isa = PBXBuildFile; fileRef = 302366A81A9B9E3F00520510 /* Images.xcassets */; };
		302366AC1A9B9E3F00520510 /* LaunchScreen.xib in Resources */ = {isa = PBXBuildFile; fileRef = 302366AA1A9B9E3F00520510 /* LaunchScreen.xib */; };
		302366C61A9B9E9800520510 /* Channel.swift in Sources */ = {isa = PBXBuildFile; fileRef = 302366C51A9B9E9800520510 /* Channel.swift */; };
		302366C91A9BA09E00520510 /* Channel+Networking.swift in Sources */ = {isa = PBXBuildFile; fileRef = 302366C81A9BA09E00520510 /* Channel+Networking.swift */; };
		302366CC1A9BA6A900520510 /* Alamofire.swift in Sources */ = {isa = PBXBuildFile; fileRef = 302366CB1A9BA6A900520510 /* Alamofire.swift */; };
		30FA89A01A9D31620084E390 /* Message.swift in Sources */ = {isa = PBXBuildFile; fileRef = 30FA899F1A9D31620084E390 /* Message.swift */; };
		30FA89A41A9D34180084E390 /* Message+Networking.swift in Sources */ = {isa = PBXBuildFile; fileRef = 30FA89A31A9D34180084E390 /* Message+Networking.swift */; };
/* End PBXBuildFile section */

/* Begin PBXFileReference section */
		3023669C1A9B9E3F00520510 /* SnapIST.app */ = {isa = PBXFileReference; explicitFileType = wrapper.application; includeInIndex = 0; path = SnapIST.app; sourceTree = BUILT_PRODUCTS_DIR; };
		302366A01A9B9E3F00520510 /* Info.plist */ = {isa = PBXFileReference; lastKnownFileType = text.plist.xml; path = Info.plist; sourceTree = "<group>"; };
		302366A11A9B9E3F00520510 /* AppDelegate.swift */ = {isa = PBXFileReference; lastKnownFileType = sourcecode.swift; path = AppDelegate.swift; sourceTree = "<group>"; };
		302366A31A9B9E3F00520510 /* ChannelsViewController.swift */ = {isa = PBXFileReference; lastKnownFileType = sourcecode.swift; path = ChannelsViewController.swift; sourceTree = "<group>"; };
		302366A61A9B9E3F00520510 /* Base */ = {isa = PBXFileReference; lastKnownFileType = file.storyboard; name = Base; path = Base.lproj/Main.storyboard; sourceTree = "<group>"; };
		302366A81A9B9E3F00520510 /* Images.xcassets */ = {isa = PBXFileReference; lastKnownFileType = folder.assetcatalog; path = Images.xcassets; sourceTree = "<group>"; };
		302366AB1A9B9E3F00520510 /* Base */ = {isa = PBXFileReference; lastKnownFileType = file.xib; name = Base; path = Base.lproj/LaunchScreen.xib; sourceTree = "<group>"; };
		302366C51A9B9E9800520510 /* Channel.swift */ = {isa = PBXFileReference; fileEncoding = 4; lastKnownFileType = sourcecode.swift; name = Channel.swift; path = Classes/Model/Channel.swift; sourceTree = "<group>"; };
		302366C81A9BA09E00520510 /* Channel+Networking.swift */ = {isa = PBXFileReference; fileEncoding = 4; lastKnownFileType = sourcecode.swift; name = "Channel+Networking.swift"; path = "Classes/Model/Extensions/Channel+Networking.swift"; sourceTree = "<group>"; };
		302366CB1A9BA6A900520510 /* Alamofire.swift */ = {isa = PBXFileReference; fileEncoding = 4; lastKnownFileType = sourcecode.swift; path = Alamofire.swift; sourceTree = "<group>"; };
		30FA899F1A9D31620084E390 /* Message.swift */ = {isa = PBXFileReference; fileEncoding = 4; lastKnownFileType = sourcecode.swift; name = Message.swift; path = Classes/Model/Message.swift; sourceTree = "<group>"; };
		30FA89A31A9D34180084E390 /* Message+Networking.swift */ = {isa = PBXFileReference; fileEncoding = 4; lastKnownFileType = sourcecode.swift; name = "Message+Networking.swift"; path = "Classes/Model/Extensions/Message+Networking.swift"; sourceTree = "<group>"; };
/* End PBXFileReference section */

/* Begin PBXFrameworksBuildPhase section */
		302366991A9B9E3F00520510 /* Frameworks */ = {
			isa = PBXFrameworksBuildPhase;
			buildActionMask = 2147483647;
			files = (
			);
			runOnlyForDeploymentPostprocessing = 0;
		};
/* End PBXFrameworksBuildPhase section */

/* Begin PBXGroup section */
		302366931A9B9E3F00520510 = {
			isa = PBXGroup;
			children = (
				3023669E1A9B9E3F00520510 /* SnapIST */,
				3023669D1A9B9E3F00520510 /* Products */,
			);
			sourceTree = "<group>";
		};
		3023669D1A9B9E3F00520510 /* Products */ = {
			isa = PBXGroup;
			children = (
				3023669C1A9B9E3F00520510 /* SnapIST.app */,
			);
			name = Products;
			sourceTree = "<group>";
		};
		3023669E1A9B9E3F00520510 /* SnapIST */ = {
			isa = PBXGroup;
			children = (
				302366C11A9B9E4700520510 /* Classes */,
				3023669F1A9B9E3F00520510 /* Supporting Files */,
			);
			path = SnapIST;
			sourceTree = "<group>";
		};
		3023669F1A9B9E3F00520510 /* Supporting Files */ = {
			isa = PBXGroup;
			children = (
				302366A81A9B9E3F00520510 /* Images.xcassets */,
				302366AA1A9B9E3F00520510 /* LaunchScreen.xib */,
				302366A01A9B9E3F00520510 /* Info.plist */,
			);
			name = "Supporting Files";
			sourceTree = "<group>";
		};
		302366C11A9B9E4700520510 /* Classes */ = {
			isa = PBXGroup;
			children = (
				302366CA1A9BA6A900520510 /* Frameworks */,
				302366C41A9B9E7500520510 /* Model */,
				302366C31A9B9E5800520510 /* View Controllers */,
				302366C21A9B9E4F00520510 /* App Delegate */,
			);
			name = Classes;
			sourceTree = "<group>";
		};
		302366C21A9B9E4F00520510 /* App Delegate */ = {
			isa = PBXGroup;
			children = (
				302366A11A9B9E3F00520510 /* AppDelegate.swift */,
			);
			name = "App Delegate";
			sourceTree = "<group>";
		};
		302366C31A9B9E5800520510 /* View Controllers */ = {
			isa = PBXGroup;
			children = (
				302366A31A9B9E3F00520510 /* ChannelsViewController.swift */,
				302366A51A9B9E3F00520510 /* Main.storyboard */,
			);
			name = "View Controllers";
			sourceTree = "<group>";
		};
		302366C41A9B9E7500520510 /* Model */ = {
			isa = PBXGroup;
			children = (
				302366C71A9BA08500520510 /* Extensions */,
				302366C51A9B9E9800520510 /* Channel.swift */,
				30FA899F1A9D31620084E390 /* Message.swift */,
			);
			name = Model;
			sourceTree = "<group>";
		};
		302366C71A9BA08500520510 /* Extensions */ = {
			isa = PBXGroup;
			children = (
				302366C81A9BA09E00520510 /* Channel+Networking.swift */,
				30FA89A31A9D34180084E390 /* Message+Networking.swift */,
			);
			name = Extensions;
			sourceTree = "<group>";
		};
		302366CA1A9BA6A900520510 /* Frameworks */ = {
			isa = PBXGroup;
			children = (
				302366CB1A9BA6A900520510 /* Alamofire.swift */,
			);
			path = Frameworks;
			sourceTree = "<group>";
		};
/* End PBXGroup section */

/* Begin PBXNativeTarget section */
		3023669B1A9B9E3F00520510 /* SnapIST */ = {
			isa = PBXNativeTarget;
			buildConfigurationList = 302366BB1A9B9E3F00520510 /* Build configuration list for PBXNativeTarget "SnapIST" */;
			buildPhases = (
				302366981A9B9E3F00520510 /* Sources */,
				302366991A9B9E3F00520510 /* Frameworks */,
				3023669A1A9B9E3F00520510 /* Resources */,
			);
			buildRules = (
			);
			dependencies = (
			);
			name = SnapIST;
			productName = SnapIST;
			productReference = 3023669C1A9B9E3F00520510 /* SnapIST.app */;
			productType = "com.apple.product-type.application";
		};
/* End PBXNativeTarget section */

/* Begin PBXProject section */
		302366941A9B9E3F00520510 /* Project object */ = {
			isa = PBXProject;
			attributes = {
				LastUpgradeCheck = 0610;
				ORGANIZATIONNAME = "SINFO 22";
				TargetAttributes = {
					3023669B1A9B9E3F00520510 = {
						CreatedOnToolsVersion = 6.1.1;
					};
				};
			};
			buildConfigurationList = 302366971A9B9E3F00520510 /* Build configuration list for PBXProject "SnapIST" */;
			compatibilityVersion = "Xcode 3.2";
			developmentRegion = English;
			hasScannedForEncodings = 0;
			knownRegions = (
				en,
				Base,
			);
			mainGroup = 302366931A9B9E3F00520510;
			productRefGroup = 3023669D1A9B9E3F00520510 /* Products */;
			projectDirPath = "";
			projectRoot = "";
			targets = (
				3023669B1A9B9E3F00520510 /* SnapIST */,
			);
		};
/* End PBXProject section */

/* Begin PBXResourcesBuildPhase section */
		3023669A1A9B9E3F00520510 /* Resources */ = {
			isa = PBXResourcesBuildPhase;
			buildActionMask = 2147483647;
			files = (
				302366A71A9B9E3F00520510 /* Main.storyboard in Resources */,
				302366AC1A9B9E3F00520510 /* LaunchScreen.xib in Resources */,
				302366A91A9B9E3F00520510 /* Images.xcassets in Resources */,
			);
			runOnlyForDeploymentPostprocessing = 0;
		};
/* End PBXResourcesBuildPhase section */

/* Begin PBXSourcesBuildPhase section */
		302366981A9B9E3F00520510 /* Sources */ = {
			isa = PBXSourcesBuildPhase;
			buildActionMask = 2147483647;
			files = (
				30FA89A41A9D34180084E390 /* Message+Networking.swift in Sources */,
				302366A41A9B9E3F00520510 /* ChannelsViewController.swift in Sources */,
				302366CC1A9BA6A900520510 /* Alamofire.swift in Sources */,
				302366C61A9B9E9800520510 /* Channel.swift in Sources */,
				302366A21A9B9E3F00520510 /* AppDelegate.swift in Sources */,
				302366C91A9BA09E00520510 /* Channel+Networking.swift in Sources */,
				30FA89A01A9D31620084E390 /* Message.swift in Sources */,
			);
			runOnlyForDeploymentPostprocessing = 0;
		};
/* End PBXSourcesBuildPhase section */

/* Begin PBXVariantGroup section */
		302366A51A9B9E3F00520510 /* Main.storyboard */ = {
			isa = PBXVariantGroup;
			children = (
				302366A61A9B9E3F00520510 /* Base */,
			);
			name = Main.storyboard;
			sourceTree = "<group>";
		};
		302366AA1A9B9E3F00520510 /* LaunchScreen.xib */ = {
			isa = PBXVariantGroup;
			children = (
				302366AB1A9B9E3F00520510 /* Base */,
			);
			name = LaunchScreen.xib;
			sourceTree = "<group>";
		};
/* End PBXVariantGroup section */

/* Begin XCBuildConfiguration section */
		302366B91A9B9E3F00520510 /* Debug */ = {
			isa = XCBuildConfiguration;
			buildSettings = {
				ALWAYS_SEARCH_USER_PATHS = NO;
				CLANG_CXX_LANGUAGE_STANDARD = "gnu++0x";
				CLANG_CXX_LIBRARY = "libc++";
				CLANG_ENABLE_MODULES = YES;
				CLANG_ENABLE_OBJC_ARC = YES;
				CLANG_WARN_BOOL_CONVERSION = YES;
				CLANG_WARN_CONSTANT_CONVERSION = YES;
				CLANG_WARN_DIRECT_OBJC_ISA_USAGE = YES_ERROR;
				CLANG_WARN_EMPTY_BODY = YES;
				CLANG_WARN_ENUM_CONVERSION = YES;
				CLANG_WARN_INT_CONVERSION = YES;
				CLANG_WARN_OBJC_ROOT_CLASS = YES_ERROR;
				CLANG_WARN_UNREACHABLE_CODE = YES;
				CLANG_WARN__DUPLICATE_METHOD_MATCH = YES;
				"CODE_SIGN_IDENTITY[sdk=iphoneos*]" = "iPhone Developer";
				COPY_PHASE_STRIP = NO;
				ENABLE_STRICT_OBJC_MSGSEND = YES;
				GCC_C_LANGUAGE_STANDARD = gnu99;
				GCC_DYNAMIC_NO_PIC = NO;
				GCC_OPTIMIZATION_LEVEL = 0;
				GCC_PREPROCESSOR_DEFINITIONS = (
					"DEBUG=1",
					"$(inherited)",
				);
				GCC_SYMBOLS_PRIVATE_EXTERN = NO;
				GCC_WARN_64_TO_32_BIT_CONVERSION = YES;
				GCC_WARN_ABOUT_RETURN_TYPE = YES_ERROR;
				GCC_WARN_UNDECLARED_SELECTOR = YES;
				GCC_WARN_UNINITIALIZED_AUTOS = YES_AGGRESSIVE;
				GCC_WARN_UNUSED_FUNCTION = YES;
				GCC_WARN_UNUSED_VARIABLE = YES;
				IPHONEOS_DEPLOYMENT_TARGET = 8.1;
				MTL_ENABLE_DEBUG_INFO = YES;
				ONLY_ACTIVE_ARCH = YES;
				SDKROOT = iphoneos;
				SWIFT_OPTIMIZATION_LEVEL = "-Onone";
			};
			name = Debug;
		};
		302366BA1A9B9E3F00520510 /* Release */ = {
			isa = XCBuildConfiguration;
			buildSettings = {
				ALWAYS_SEARCH_USER_PATHS = NO;
				CLANG_CXX_LANGUAGE_STANDARD = "gnu++0x";
				CLANG_CXX_LIBRARY = "libc++";
				CLANG_ENABLE_MODULES = YES;
				CLANG_ENABLE_OBJC_ARC = YES;
				CLANG_WARN_BOOL_CONVERSION = YES;
				CLANG_WARN_CONSTANT_CONVERSION = YES;
				CLANG_WARN_DIRECT_OBJC_ISA_USAGE = YES_ERROR;
				CLANG_WARN_EMPTY_BODY = YES;
				CLANG_WARN_ENUM_CONVERSION = YES;
				CLANG_WARN_INT_CONVERSION = YES;
				CLANG_WARN_OBJC_ROOT_CLASS = YES_ERROR;
				CLANG_WARN_UNREACHABLE_CODE = YES;
				CLANG_WARN__DUPLICATE_METHOD_MATCH = YES;
				"CODE_SIGN_IDENTITY[sdk=iphoneos*]" = "iPhone Developer";
				COPY_PHASE_STRIP = YES;
				ENABLE_NS_ASSERTIONS = NO;
				ENABLE_STRICT_OBJC_MSGSEND = YES;
				GCC_C_LANGUAGE_STANDARD = gnu99;
				GCC_WARN_64_TO_32_BIT_CONVERSION = YES;
				GCC_WARN_ABOUT_RETURN_TYPE = YES_ERROR;
				GCC_WARN_UNDECLARED_SELECTOR = YES;
				GCC_WARN_UNINITIALIZED_AUTOS = YES_AGGRESSIVE;
				GCC_WARN_UNUSED_FUNCTION = YES;
				GCC_WARN_UNUSED_VARIABLE = YES;
				IPHONEOS_DEPLOYMENT_TARGET = 8.1;
				MTL_ENABLE_DEBUG_INFO = NO;
				SDKROOT = iphoneos;
				VALIDATE_PRODUCT = YES;
			};
			name = Release;
		};
		302366BC1A9B9E3F00520510 /* Debug */ = {
			isa = XCBuildConfiguration;
			buildSettings = {
				ASSETCATALOG_COMPILER_APPICON_NAME = AppIcon;
				INFOPLIST_FILE = SnapIST/Info.plist;
				LD_RUNPATH_SEARCH_PATHS = "$(inherited) @executable_path/Frameworks";
				PRODUCT_NAME = "$(TARGET_NAME)";
			};
			name = Debug;
		};
		302366BD1A9B9E3F00520510 /* Release */ = {
			isa = XCBuildConfiguration;
			buildSettings = {
				ASSETCATALOG_COMPILER_APPICON_NAME = AppIcon;
				INFOPLIST_FILE = SnapIST/Info.plist;
				LD_RUNPATH_SEARCH_PATHS = "$(inherited) @executable_path/Frameworks";
				PRODUCT_NAME = "$(TARGET_NAME)";
			};
			name = Release;
		};
/* End XCBuildConfiguration section */

/* Begin XCConfigurationList section */
		302366971A9B9E3F00520510 /* Build configuration list for PBXProject "SnapIST" */ = {
			isa = XCConfigurationList;
			buildConfigurations = (
				302366B91A9B9E3F00520510 /* Debug */,
				302366BA1A9B9E3F00520510 /* Release */,
			);
			defaultConfigurationIsVisible = 0;
			defaultConfigurationName = Release;
		};
		302366BB1A9B9E3F00520510 /* Build configuration list for PBXNativeTarget "SnapIST" */ = {
			isa = XCConfigurationList;
			buildConfigurations = (
				302366BC1A9B9E3F00520510 /* Debug */,
				302366BD1A9B9E3F00520510 /* Release */,
			);
			defaultConfigurationIsVisible = 0;
			defaultConfigurationName = Release;
		};
/* End XCConfigurationList section */
	};
	rootObject = 302366941A9B9E3F00520510 /* Project object */;
}
